
Microsoft Visual Studio Solution File, Format Version 12.00
# Visual Studio Version 17
VisualStudioVersion = 17.9.34616.47
MinimumVisualStudioVersion = 10.0.40219.1
Project("{FAE04EC0-301F-11D3-BF4B-00C04F79EFBC}") = "Flashcard", "Flashcard\Flashcard.csproj", "{6612F581-0A61-4CC4-A112-DE095671CFCC}"
EndProject
Global
	GlobalSection(SolutionConfigurationPlatforms) = preSolution
		Debug|Any CPU = Debug|Any CPU
		Release|Any CPU = Release|Any CPU
	EndGlobalSection
	GlobalSection(ProjectConfigurationPlatforms) = postSolution
		{6612F581-0A61-4CC4-A112-DE095671CFCC}.Debug|Any CPU.ActiveCfg = Debug|Any CPU
		{6612F581-0A61-4CC4-A112-DE095671CFCC}.Debug|Any CPU.Build.0 = Debug|Any CPU
		{6612F581-0A61-4CC4-A112-DE095671CFCC}.Release|Any CPU.ActiveCfg = Release|Any CPU
		{6612F581-0A61-4CC4-A112-DE095671CFCC}.Release|Any CPU.Build.0 = Release|Any CPU
	EndGlobalSection
	GlobalSection(SolutionProperties) = preSolution
		HideSolutionNode = FALSE
	EndGlobalSection
	GlobalSection(ExtensibilityGlobals) = postSolution
		SolutionGuid = {701E9A76-74BE-47A4-A868-D674E44B3323}
	EndGlobalSection
EndGlobal
